
Microsoft Visual Studio Solution File, Format Version 12.00
# Visual Studio Version 16
VisualStudioVersion = 16.0.29905.134
MinimumVisualStudioVersion = 10.0.40219.1
Project("{FAE04EC0-301F-11D3-BF4B-00C04F79EFBC}") = "Phoenix2", "Phoenix2\Phoenix2.csproj", "{9F75E385-CF89-47B2-97EC-EC5EFCD81B4A}"
EndProject
Global
	GlobalSection(SolutionConfigurationPlatforms) = preSolution
		Debug|Any CPU = Debug|Any CPU
		Release|Any CPU = Release|Any CPU
	EndGlobalSection
	GlobalSection(ProjectConfigurationPlatforms) = postSolution
		{9F75E385-CF89-47B2-97EC-EC5EFCD81B4A}.Debug|Any CPU.ActiveCfg = Debug|Any CPU
		{9F75E385-CF89-47B2-97EC-EC5EFCD81B4A}.Debug|Any CPU.Build.0 = Debug|Any CPU
		{9F75E385-CF89-47B2-97EC-EC5EFCD81B4A}.Release|Any CPU.ActiveCfg = Release|Any CPU
		{9F75E385-CF89-47B2-97EC-EC5EFCD81B4A}.Release|Any CPU.Build.0 = Release|Any CPU
	EndGlobalSection
	GlobalSection(SolutionProperties) = preSolution
		HideSolutionNode = FALSE
	EndGlobalSection
	GlobalSection(ExtensibilityGlobals) = postSolution
		SolutionGuid = {01EA6C8B-F750-44F4-9AE7-D8659A4D738D}
	EndGlobalSection
EndGlobal
